
Microsoft Visual Studio Solution File, Format Version 12.00
# Visual Studio Version 17
VisualStudioVersion = 17.8.34330.188
MinimumVisualStudioVersion = 10.0.40219.1
Project("{9A19103F-16F7-4668-BE54-9A1E7A4F7556}") = "MyPortfolioWebsite", "MyPortfolioWebsite\MyPortfolioWebsite.csproj", "{23FEB4EE-7228-47FF-ABA4-64DC17FE4158}"
EndProject
Global
	GlobalSection(SolutionConfigurationPlatforms) = preSolution
		Debug|Any CPU = Debug|Any CPU
		Release|Any CPU = Release|Any CPU
	EndGlobalSection
	GlobalSection(ProjectConfigurationPlatforms) = postSolution
		{23FEB4EE-7228-47FF-ABA4-64DC17FE4158}.Debug|Any CPU.ActiveCfg = Debug|Any CPU
		{23FEB4EE-7228-47FF-ABA4-64DC17FE4158}.Debug|Any CPU.Build.0 = Debug|Any CPU
		{23FEB4EE-7228-47FF-ABA4-64DC17FE4158}.Release|Any CPU.ActiveCfg = Release|Any CPU
		{23FEB4EE-7228-47FF-ABA4-64DC17FE4158}.Release|Any CPU.Build.0 = Release|Any CPU
	EndGlobalSection
	GlobalSection(SolutionProperties) = preSolution
		HideSolutionNode = FALSE
	EndGlobalSection
	GlobalSection(ExtensibilityGlobals) = postSolution
		SolutionGuid = {F1F387FD-13A1-45C4-B479-238B207C3412}
	EndGlobalSection
EndGlobal
